
Microsoft Visual Studio Solution File, Format Version 12.00
# Visual Studio Version 16
VisualStudioVersion = 16.0.31515.178
MinimumVisualStudioVersion = 10.0.40219.1
Project("{888888A0-9F3D-457C-B088-3A5042F75D52}") = "MovieListPart2_Revised", "MovieListPart2_Revised.pyproj", "{A070F5B7-616F-430D-A1A5-6D8B2E481733}"
EndProject
Global
	GlobalSection(SolutionConfigurationPlatforms) = preSolution
		Debug|Any CPU = Debug|Any CPU
		Release|Any CPU = Release|Any CPU
	EndGlobalSection
	GlobalSection(ProjectConfigurationPlatforms) = postSolution
		{A070F5B7-616F-430D-A1A5-6D8B2E481733}.Debug|Any CPU.ActiveCfg = Debug|Any CPU
		{A070F5B7-616F-430D-A1A5-6D8B2E481733}.Release|Any CPU.ActiveCfg = Release|Any CPU
	EndGlobalSection
	GlobalSection(SolutionProperties) = preSolution
		HideSolutionNode = FALSE
	EndGlobalSection
	GlobalSection(ExtensibilityGlobals) = postSolution
		SolutionGuid = {2EBEC9EF-F335-43DE-9129-04EF34C1C39C}
	EndGlobalSection
EndGlobal
